// !$*UTF8*$!
{
	archiveVersion = 1;
	classes = {
	};
	objectVersion = 56;
	objects = {

/* Begin PBXBuildFile section */
		32D77FE22A6D5DC50047B057 /* BeActiveApp.swift in Sources */ = {isa = PBXBuildFile; fileRef = 32D77FE12A6D5DC50047B057 /* BeActiveApp.swift */; };
		32D77FE42A6D5DC50047B057 /* ContentView.swift in Sources */ = {isa = PBXBuildFile; fileRef = 32D77FE32A6D5DC50047B057 /* ContentView.swift */; };
		32D77FE62A6D5DC60047B057 /* Assets.xcassets in Resources */ = {isa = PBXBuildFile; fileRef = 32D77FE52A6D5DC60047B057 /* Assets.xcassets */; };
		32D77FE92A6D5DC60047B057 /* Preview Assets.xcassets in Resources */ = {isa = PBXBuildFile; fileRef = 32D77FE82A6D5DC60047B057 /* Preview Assets.xcassets */; };
		32D77FF02A6D5DF10047B057 /* BeActiveTabView.swift in Sources */ = {isa = PBXBuildFile; fileRef = 32D77FEF2A6D5DF10047B057 /* BeActiveTabView.swift */; };
		32D77FF22A6D5E260047B057 /* HomeView.swift in Sources */ = {isa = PBXBuildFile; fileRef = 32D77FF12A6D5E260047B057 /* HomeView.swift */; };
		32D77FF42A6D5F900047B057 /* ActivityCard.swift in Sources */ = {isa = PBXBuildFile; fileRef = 32D77FF32A6D5F900047B057 /* ActivityCard.swift */; };
		32D77FF62A6D62A80047B057 /* HealthManager.swift in Sources */ = {isa = PBXBuildFile; fileRef = 32D77FF52A6D62A80047B057 /* HealthManager.swift */; };
/* End PBXBuildFile section */

/* Begin PBXFileReference section */
		32D77FDE2A6D5DC50047B057 /* BeActive.app */ = {isa = PBXFileReference; explicitFileType = wrapper.application; includeInIndex = 0; path = BeActive.app; sourceTree = BUILT_PRODUCTS_DIR; };
		32D77FE12A6D5DC50047B057 /* BeActiveApp.swift */ = {isa = PBXFileReference; lastKnownFileType = sourcecode.swift; path = BeActiveApp.swift; sourceTree = "<group>"; };
		32D77FE32A6D5DC50047B057 /* ContentView.swift */ = {isa = PBXFileReference; lastKnownFileType = sourcecode.swift; path = ContentView.swift; sourceTree = "<group>"; };
		32D77FE52A6D5DC60047B057 /* Assets.xcassets */ = {isa = PBXFileReference; lastKnownFileType = folder.assetcatalog; path = Assets.xcassets; sourceTree = "<group>"; };
		32D77FE82A6D5DC60047B057 /* Preview Assets.xcassets */ = {isa = PBXFileReference; lastKnownFileType = folder.assetcatalog; path = "Preview Assets.xcassets"; sourceTree = "<group>"; };
		32D77FEF2A6D5DF10047B057 /* BeActiveTabView.swift */ = {isa = PBXFileReference; lastKnownFileType = sourcecode.swift; path = BeActiveTabView.swift; sourceTree = "<group>"; };
		32D77FF12A6D5E260047B057 /* HomeView.swift */ = {isa = PBXFileReference; lastKnownFileType = sourcecode.swift; path = HomeView.swift; sourceTree = "<group>"; };
		32D77FF32A6D5F900047B057 /* ActivityCard.swift */ = {isa = PBXFileReference; lastKnownFileType = sourcecode.swift; path = ActivityCard.swift; sourceTree = "<group>"; };
		32D77FF52A6D62A80047B057 /* HealthManager.swift */ = {isa = PBXFileReference; lastKnownFileType = sourcecode.swift; path = HealthManager.swift; sourceTree = "<group>"; };
		32D77FF72A6D67DD0047B057 /* BeActive.entitlements */ = {isa = PBXFileReference; lastKnownFileType = text.plist.entitlements; path = BeActive.entitlements; sourceTree = "<group>"; };
/* End PBXFileReference section */

/* Begin PBXFrameworksBuildPhase section */
		32D77FDB2A6D5DC50047B057 /* Frameworks */ = {
			isa = PBXFrameworksBuildPhase;
			buildActionMask = 2147483647;
			files = (
			);
			runOnlyForDeploymentPostprocessing = 0;
		};
/* End PBXFrameworksBuildPhase section */

/* Begin PBXGroup section */
		32D77FD52A6D5DC50047B057 = {
			isa = PBXGroup;
			children = (
				32D77FE02A6D5DC50047B057 /* BeActive */,
				32D77FDF2A6D5DC50047B057 /* Products */,
			);
			sourceTree = "<group>";
		};
		32D77FDF2A6D5DC50047B057 /* Products */ = {
			isa = PBXGroup;
			children = (
				32D77FDE2A6D5DC50047B057 /* BeActive.app */,
			);
			name = Products;
			sourceTree = "<group>";
		};
		32D77FE02A6D5DC50047B057 /* BeActive */ = {
			isa = PBXGroup;
			children = (
				32D77FF72A6D67DD0047B057 /* BeActive.entitlements */,
				32D77FE12A6D5DC50047B057 /* BeActiveApp.swift */,
				32D77FE32A6D5DC50047B057 /* ContentView.swift */,
				32D77FE52A6D5DC60047B057 /* Assets.xcassets */,
				32D77FE72A6D5DC60047B057 /* Preview Content */,
				32D77FEF2A6D5DF10047B057 /* BeActiveTabView.swift */,
				32D77FF12A6D5E260047B057 /* HomeView.swift */,
				32D77FF32A6D5F900047B057 /* ActivityCard.swift */,
				32D77FF52A6D62A80047B057 /* HealthManager.swift */,
			);
			path = BeActive;
			sourceTree = "<group>";
		};
		32D77FE72A6D5DC60047B057 /* Preview Content */ = {
			isa = PBXGroup;
			children = (
				32D77FE82A6D5DC60047B057 /* Preview Assets.xcassets */,
			);
			path = "Preview Content";
			sourceTree = "<group>";
		};
/* End PBXGroup section */

/* Begin PBXNativeTarget section */
		32D77FDD2A6D5DC50047B057 /* BeActive */ = {
			isa = PBXNativeTarget;
			buildConfigurationList = 32D77FEC2A6D5DC60047B057 /* Build configuration list for PBXNativeTarget "BeActive" */;
			buildPhases = (
				32D77FDA2A6D5DC50047B057 /* Sources */,
				32D77FDB2A6D5DC50047B057 /* Frameworks */,
				32D77FDC2A6D5DC50047B057 /* Resources */,
			);
			buildRules = (
			);
			dependencies = (
			);
			name = BeActive;
			productName = BeActive;
			productReference = 32D77FDE2A6D5DC50047B057 /* BeActive.app */;
			productType = "com.apple.product-type.application";
		};
/* End PBXNativeTarget section */

/* Begin PBXProject section */
		32D77FD62A6D5DC50047B057 /* Project object */ = {
			isa = PBXProject;
			attributes = {
				BuildIndependentTargetsInParallel = 1;
				LastSwiftUpdateCheck = 1430;
				LastUpgradeCheck = 1430;
				TargetAttributes = {
					32D77FDD2A6D5DC50047B057 = {
						CreatedOnToolsVersion = 14.3.1;
					};
				};
			};
			buildConfigurationList = 32D77FD92A6D5DC50047B057 /* Build configuration list for PBXProject "BeActive" */;
			compatibilityVersion = "Xcode 14.0";
			developmentRegion = en;
			hasScannedForEncodings = 0;
			knownRegions = (
				en,
				Base,
			);
			mainGroup = 32D77FD52A6D5DC50047B057;
			productRefGroup = 32D77FDF2A6D5DC50047B057 /* Products */;
			projectDirPath = "";
			projectRoot = "";
			targets = (
				32D77FDD2A6D5DC50047B057 /* BeActive */,
			);
		};
/* End PBXProject section */

/* Begin PBXResourcesBuildPhase section */
		32D77FDC2A6D5DC50047B057 /* Resources */ = {
			isa = PBXResourcesBuildPhase;
			buildActionMask = 2147483647;
			files = (
				32D77FE92A6D5DC60047B057 /* Preview Assets.xcassets in Resources */,
				32D77FE62A6D5DC60047B057 /* Assets.xcassets in Resources */,
			);
			runOnlyForDeploymentPostprocessing = 0;
		};
/* End PBXResourcesBuildPhase section */

/* Begin PBXSourcesBuildPhase section */
		32D77FDA2A6D5DC50047B057 /* Sources */ = {
			isa = PBXSourcesBuildPhase;
			buildActionMask = 2147483647;
			files = (
				32D77FE42A6D5DC50047B057 /* ContentView.swift in Sources */,
				32D77FF62A6D62A80047B057 /* HealthManager.swift in Sources */,
				32D77FF22A6D5E260047B057 /* HomeView.swift in Sources */,
				32D77FF02A6D5DF10047B057 /* BeActiveTabView.swift in Sources */,
				32D77FE22A6D5DC50047B057 /* BeActiveApp.swift in Sources */,
				32D77FF42A6D5F900047B057 /* ActivityCard.swift in Sources */,
			);
			runOnlyForDeploymentPostprocessing = 0;
		};
/* End PBXSourcesBuildPhase section */

/* Begin XCBuildConfiguration section */
		32D77FEA2A6D5DC60047B057 /* Debug */ = {
			isa = XCBuildConfiguration;
			buildSettings = {
				ALWAYS_SEARCH_USER_PATHS = NO;
				CLANG_ANALYZER_NONNULL = YES;
				CLANG_ANALYZER_NUMBER_OBJECT_CONVERSION = YES_AGGRESSIVE;
				CLANG_CXX_LANGUAGE_STANDARD = "gnu++20";
				CLANG_ENABLE_MODULES = YES;
				CLANG_ENABLE_OBJC_ARC = YES;
				CLANG_ENABLE_OBJC_WEAK = YES;
				CLANG_WARN_BLOCK_CAPTURE_AUTORELEASING = YES;
				CLANG_WARN_BOOL_CONVERSION = YES;
				CLANG_WARN_COMMA = YES;
				CLANG_WARN_CONSTANT_CONVERSION = YES;
				CLANG_WARN_DEPRECATED_OBJC_IMPLEMENTATIONS = YES;
				CLANG_WARN_DIRECT_OBJC_ISA_USAGE = YES_ERROR;
				CLANG_WARN_DOCUMENTATION_COMMENTS = YES;
				CLANG_WARN_EMPTY_BODY = YES;
				CLANG_WARN_ENUM_CONVERSION = YES;
				CLANG_WARN_INFINITE_RECURSION = YES;
				CLANG_WARN_INT_CONVERSION = YES;
				CLANG_WARN_NON_LITERAL_NULL_CONVERSION = YES;
				CLANG_WARN_OBJC_IMPLICIT_RETAIN_SELF = YES;
				CLANG_WARN_OBJC_LITERAL_CONVERSION = YES;
				CLANG_WARN_OBJC_ROOT_CLASS = YES_ERROR;
				CLANG_WARN_QUOTED_INCLUDE_IN_FRAMEWORK_HEADER = YES;
				CLANG_WARN_RANGE_LOOP_ANALYSIS = YES;
				CLANG_WARN_STRICT_PROTOTYPES = YES;
				CLANG_WARN_SUSPICIOUS_MOVE = YES;
				CLANG_WARN_UNGUARDED_AVAILABILITY = YES_AGGRESSIVE;
				CLANG_WARN_UNREACHABLE_CODE = YES;
				CLANG_WARN__DUPLICATE_METHOD_MATCH = YES;
				COPY_PHASE_STRIP = NO;
				DEBUG_INFORMATION_FORMAT = dwarf;
				ENABLE_STRICT_OBJC_MSGSEND = YES;
				ENABLE_TESTABILITY = YES;
				GCC_C_LANGUAGE_STANDARD = gnu11;
				GCC_DYNAMIC_NO_PIC = NO;
				GCC_NO_COMMON_BLOCKS = YES;
				GCC_OPTIMIZATION_LEVEL = 0;
				GCC_PREPROCESSOR_DEFINITIONS = (
					"DEBUG=1",
					"$(inherited)",
				);
				GCC_WARN_64_TO_32_BIT_CONVERSION = YES;
				GCC_WARN_ABOUT_RETURN_TYPE = YES_ERROR;
				GCC_WARN_UNDECLARED_SELECTOR = YES;
				GCC_WARN_UNINITIALIZED_AUTOS = YES_AGGRESSIVE;
				GCC_WARN_UNUSED_FUNCTION = YES;
				GCC_WARN_UNUSED_VARIABLE = YES;
				IPHONEOS_DEPLOYMENT_TARGET = 16.4;
				MTL_ENABLE_DEBUG_INFO = INCLUDE_SOURCE;
				MTL_FAST_MATH = YES;
				ONLY_ACTIVE_ARCH = YES;
				SDKROOT = iphoneos;
				SWIFT_ACTIVE_COMPILATION_CONDITIONS = DEBUG;
				SWIFT_OPTIMIZATION_LEVEL = "-Onone";
			};
			name = Debug;
		};
		32D77FEB2A6D5DC60047B057 /* Release */ = {
			isa = XCBuildConfiguration;
			buildSettings = {
				ALWAYS_SEARCH_USER_PATHS = NO;
				CLANG_ANALYZER_NONNULL = YES;
				CLANG_ANALYZER_NUMBER_OBJECT_CONVERSION = YES_AGGRESSIVE;
				CLANG_CXX_LANGUAGE_STANDARD = "gnu++20";
				CLANG_ENABLE_MODULES = YES;
				CLANG_ENABLE_OBJC_ARC = YES;
				CLANG_ENABLE_OBJC_WEAK = YES;
				CLANG_WARN_BLOCK_CAPTURE_AUTORELEASING = YES;
				CLANG_WARN_BOOL_CONVERSION = YES;
				CLANG_WARN_COMMA = YES;
				CLANG_WARN_CONSTANT_CONVERSION = YES;
				CLANG_WARN_DEPRECATED_OBJC_IMPLEMENTATIONS = YES;
				CLANG_WARN_DIRECT_OBJC_ISA_USAGE = YES_ERROR;
				CLANG_WARN_DOCUMENTATION_COMMENTS = YES;
				CLANG_WARN_EMPTY_BODY = YES;
				CLANG_WARN_ENUM_CONVERSION = YES;
				CLANG_WARN_INFINITE_RECURSION = YES;
				CLANG_WARN_INT_CONVERSION = YES;
				CLANG_WARN_NON_LITERAL_NULL_CONVERSION = YES;
				CLANG_WARN_OBJC_IMPLICIT_RETAIN_SELF = YES;
				CLANG_WARN_OBJC_LITERAL_CONVERSION = YES;
				CLANG_WARN_OBJC_ROOT_CLASS = YES_ERROR;
				CLANG_WARN_QUOTED_INCLUDE_IN_FRAMEWORK_HEADER = YES;
				CLANG_WARN_RANGE_LOOP_ANALYSIS = YES;
				CLANG_WARN_STRICT_PROTOTYPES = YES;
				CLANG_WARN_SUSPICIOUS_MOVE = YES;
				CLANG_WARN_UNGUARDED_AVAILABILITY = YES_AGGRESSIVE;
				CLANG_WARN_UNREACHABLE_CODE = YES;
				CLANG_WARN__DUPLICATE_METHOD_MATCH = YES;
				COPY_PHASE_STRIP = NO;
				DEBUG_INFORMATION_FORMAT = "dwarf-with-dsym";
				ENABLE_NS_ASSERTIONS = NO;
				ENABLE_STRICT_OBJC_MSGSEND = YES;
				GCC_C_LANGUAGE_STANDARD = gnu11;
				GCC_NO_COMMON_BLOCKS = YES;
				GCC_WARN_64_TO_32_BIT_CONVERSION = YES;
				GCC_WARN_ABOUT_RETURN_TYPE = YES_ERROR;
				GCC_WARN_UNDECLARED_SELECTOR = YES;
				GCC_WARN_UNINITIALIZED_AUTOS = YES_AGGRESSIVE;
				GCC_WARN_UNUSED_FUNCTION = YES;
				GCC_WARN_UNUSED_VARIABLE = YES;
				IPHONEOS_DEPLOYMENT_TARGET = 16.4;
				MTL_ENABLE_DEBUG_INFO = NO;
				MTL_FAST_MATH = YES;
				SDKROOT = iphoneos;
				SWIFT_COMPILATION_MODE = wholemodule;
				SWIFT_OPTIMIZATION_LEVEL = "-O";
				VALIDATE_PRODUCT = YES;
			};
			name = Release;
		};
		32D77FED2A6D5DC60047B057 /* Debug */ = {
			isa = XCBuildConfiguration;
			buildSettings = {
				ASSETCATALOG_COMPILER_APPICON_NAME = AppIcon;
				ASSETCATALOG_COMPILER_GLOBAL_ACCENT_COLOR_NAME = AccentColor;
				CODE_SIGN_ENTITLEMENTS = BeActive/BeActive.entitlements;
				CODE_SIGN_STYLE = Automatic;
				CURRENT_PROJECT_VERSION = 1;
				DEVELOPMENT_ASSET_PATHS = "\"BeActive/Preview Content\"";
				DEVELOPMENT_TEAM = YUBAHJ7MY9;
				ENABLE_PREVIEWS = YES;
				GENERATE_INFOPLIST_FILE = YES;
				INFOPLIST_KEY_NSHealthShareUsageDescription = "Please allow acces to enjoy all the features of this app";
				INFOPLIST_KEY_UIApplicationSceneManifest_Generation = YES;
				INFOPLIST_KEY_UIApplicationSupportsIndirectInputEvents = YES;
				INFOPLIST_KEY_UILaunchScreen_Generation = YES;
				INFOPLIST_KEY_UISupportedInterfaceOrientations_iPad = "UIInterfaceOrientationPortrait UIInterfaceOrientationPortraitUpsideDown UIInterfaceOrientationLandscapeLeft UIInterfaceOrientationLandscapeRight";
				INFOPLIST_KEY_UISupportedInterfaceOrientations_iPhone = "UIInterfaceOrientationPortrait UIInterfaceOrientationLandscapeLeft UIInterfaceOrientationLandscapeRight";
				LD_RUNPATH_SEARCH_PATHS = (
					"$(inherited)",
					"@executable_path/Frameworks",
				);
				MARKETING_VERSION = 1.0;
				PRODUCT_BUNDLE_IDENTIFIER = com.carmenlucas.BeActive;
				PRODUCT_NAME = "$(TARGET_NAME)";
				SWIFT_EMIT_LOC_STRINGS = YES;
				SWIFT_VERSION = 5.0;
				TARGETED_DEVICE_FAMILY = "1,2";
			};
			name = Debug;
		};
		32D77FEE2A6D5DC60047B057 /* Release */ = {
			isa = XCBuildConfiguration;
			buildSettings = {
				ASSETCATALOG_COMPILER_APPICON_NAME = AppIcon;
				ASSETCATALOG_COMPILER_GLOBAL_ACCENT_COLOR_NAME = AccentColor;
				CODE_SIGN_ENTITLEMENTS = BeActive/BeActive.entitlements;
				CODE_SIGN_STYLE = Automatic;
				CURRENT_PROJECT_VERSION = 1;
				DEVELOPMENT_ASSET_PATHS = "\"BeActive/Preview Content\"";
				DEVELOPMENT_TEAM = YUBAHJ7MY9;
				ENABLE_PREVIEWS = YES;
				GENERATE_INFOPLIST_FILE = YES;
				INFOPLIST_KEY_NSHealthShareUsageDescription = "Please allow acces to enjoy all the features of this app";
				INFOPLIST_KEY_UIApplicationSceneManifest_Generation = YES;
				INFOPLIST_KEY_UIApplicationSupportsIndirectInputEvents = YES;
				INFOPLIST_KEY_UILaunchScreen_Generation = YES;
				INFOPLIST_KEY_UISupportedInterfaceOrientations_iPad = "UIInterfaceOrientationPortrait UIInterfaceOrientationPortraitUpsideDown UIInterfaceOrientationLandscapeLeft UIInterfaceOrientationLandscapeRight";
				INFOPLIST_KEY_UISupportedInterfaceOrientations_iPhone = "UIInterfaceOrientationPortrait UIInterfaceOrientationLandscapeLeft UIInterfaceOrientationLandscapeRight";
				LD_RUNPATH_SEARCH_PATHS = (
					"$(inherited)",
					"@executable_path/Frameworks",
				);
				MARKETING_VERSION = 1.0;
				PRODUCT_BUNDLE_IDENTIFIER = com.carmenlucas.BeActive;
				PRODUCT_NAME = "$(TARGET_NAME)";
				SWIFT_EMIT_LOC_STRINGS = YES;
				SWIFT_VERSION = 5.0;
				TARGETED_DEVICE_FAMILY = "1,2";
			};
			name = Release;
		};
/* End XCBuildConfiguration section */

/* Begin XCConfigurationList section */
		32D77FD92A6D5DC50047B057 /* Build configuration list for PBXProject "BeActive" */ = {
			isa = XCConfigurationList;
			buildConfigurations = (
				32D77FEA2A6D5DC60047B057 /* Debug */,
				32D77FEB2A6D5DC60047B057 /* Release */,
			);
			defaultConfigurationIsVisible = 0;
			defaultConfigurationName = Release;
		};
		32D77FEC2A6D5DC60047B057 /* Build configuration list for PBXNativeTarget "BeActive" */ = {
			isa = XCConfigurationList;
			buildConfigurations = (
				32D77FED2A6D5DC60047B057 /* Debug */,
				32D77FEE2A6D5DC60047B057 /* Release */,
			);
			defaultConfigurationIsVisible = 0;
			defaultConfigurationName = Release;
		};
/* End XCConfigurationList section */
	};
	rootObject = 32D77FD62A6D5DC50047B057 /* Project object */;
}
